<?xml version="1.0" encoding="UTF-8" standalone="yes" ?>
<CodeBlocks_project_file>
   <FileVersion major="1" minor="6" />
   <Project>
      <Option title="ICTGV" />
      <Option makefile_is_custom="1" />
      <Option compiler="gcc" />
      <Option virtualFolders="CMake Files\;CMake Files\cmake_modules\;CMake Files\..\;CMake Files\..\..\;CMake Files\..\..\..\;CMake Files\..\..\..\..\;CMake Files\..\..\..\..\..\;CMake Files\..\..\..\..\..\usr\;CMake Files\..\..\..\..\..\usr\local\;CMake Files\..\..\..\..\..\usr\local\share\;CMake Files\..\..\..\..\..\usr\local\share\ismrmrd\;CMake Files\..\..\..\..\..\usr\local\share\ismrmrd\cmake\;CMake Files\include\;CMake Files\src\;CMake Files\doc\;" />
      <Build>
      <Target title="all">
         <Option working_dir="/home/dieheart/workspace/AVIONIC/CUDA/buildqt" />
         <Option type="4" />
         <MakeCommands>
            <Build command="/usr/bin/gmake -f &quot;/home/dieheart/workspace/AVIONIC/CUDA/buildqt/Makefile&quot;  VERBOSE=1 all" />
            <CompileFile command="/usr/bin/gmake -f &quot;/home/dieheart/workspace/AVIONIC/CUDA/buildqt/Makefile&quot;  VERBOSE=1 &quot;$file&quot;" />
            <Clean command="/usr/bin/gmake -f &quot;/home/dieheart/workspace/AVIONIC/CUDA/buildqt/Makefile&quot;  VERBOSE=1 clean" />
            <DistClean command="/usr/bin/gmake -f &quot;/home/dieheart/workspace/AVIONIC/CUDA/buildqt/Makefile&quot;  VERBOSE=1 clean" />
         </MakeCommands>
      </Target>
      <Target title="rebuild_cache">
         <Option working_dir="/home/dieheart/workspace/AVIONIC/CUDA/buildqt" />
         <Option type="4" />
         <MakeCommands>
            <Build command="/usr/bin/gmake -f &quot;/home/dieheart/workspace/AVIONIC/CUDA/buildqt/Makefile&quot;  VERBOSE=1 rebuild_cache" />
            <CompileFile command="/usr/bin/gmake -f &quot;/home/dieheart/workspace/AVIONIC/CUDA/buildqt/Makefile&quot;  VERBOSE=1 &quot;$file&quot;" />
            <Clean command="/usr/bin/gmake -f &quot;/home/dieheart/workspace/AVIONIC/CUDA/buildqt/Makefile&quot;  VERBOSE=1 clean" />
            <DistClean command="/usr/bin/gmake -f &quot;/home/dieheart/workspace/AVIONIC/CUDA/buildqt/Makefile&quot;  VERBOSE=1 clean" />
         </MakeCommands>
      </Target>
      <Target title="ICTGV">
         <Option output="/home/dieheart/workspace/AVIONIC/CUDA/lib/libICTGV.a" prefix_auto="0" extension_auto="0" />
         <Option working_dir="/home/dieheart/workspace/AVIONIC/CUDA/buildqt/src" />
         <Option object_output="./" />
         <Option type="2" />
         <Option compiler="gcc" />
         <Compiler>
            <Add option="-DHAVE_CONFIG_H" />
            <Add directory="/home/dieheart/workspace/gpuNUFFT/CUDA/inc" />
            <Add directory="/usr/include" />
            <Add directory="/usr/include/c++/4.7" />
            <Add directory="/usr/include/c++/4.7/backward" />
            <Add directory="/usr/include/c++/4.7/x86_64-suse-linux" />
            <Add directory="/usr/lib64/gcc/x86_64-suse-linux/4.7/../../../../x86_64-suse-linux/include" />
            <Add directory="/usr/lib64/gcc/x86_64-suse-linux/4.7/include" />
            <Add directory="/usr/lib64/gcc/x86_64-suse-linux/4.7/include-fixed" />
            <Add directory="/usr/local/cuda/include" />
            <Add directory="/usr/local/include" />
            <Add directory="/usr/local/include/agile" />
         </Compiler>
         <MakeCommands>
            <Build command="/usr/bin/gmake -f &quot;/home/dieheart/workspace/AVIONIC/CUDA/buildqt/src/Makefile&quot;  VERBOSE=1 ICTGV" />
            <CompileFile command="/usr/bin/gmake -f &quot;/home/dieheart/workspace/AVIONIC/CUDA/buildqt/src/Makefile&quot;  VERBOSE=1 &quot;$file&quot;" />
            <Clean command="/usr/bin/gmake -f &quot;/home/dieheart/workspace/AVIONIC/CUDA/buildqt/src/Makefile&quot;  VERBOSE=1 clean" />
            <DistClean command="/usr/bin/gmake -f &quot;/home/dieheart/workspace/AVIONIC/CUDA/buildqt/src/Makefile&quot;  VERBOSE=1 clean" />
         </MakeCommands>
      </Target>
      <Target title="ICTGV/fast">
         <Option output="/home/dieheart/workspace/AVIONIC/CUDA/lib/libICTGV.a" prefix_auto="0" extension_auto="0" />
         <Option working_dir="/home/dieheart/workspace/AVIONIC/CUDA/buildqt/src" />
         <Option object_output="./" />
         <Option type="2" />
         <Option compiler="gcc" />
         <Compiler>
            <Add option="-DHAVE_CONFIG_H" />
            <Add directory="/home/dieheart/workspace/gpuNUFFT/CUDA/inc" />
            <Add directory="/usr/include" />
            <Add directory="/usr/include/c++/4.7" />
            <Add directory="/usr/include/c++/4.7/backward" />
            <Add directory="/usr/include/c++/4.7/x86_64-suse-linux" />
            <Add directory="/usr/lib64/gcc/x86_64-suse-linux/4.7/../../../../x86_64-suse-linux/include" />
            <Add directory="/usr/lib64/gcc/x86_64-suse-linux/4.7/include" />
            <Add directory="/usr/lib64/gcc/x86_64-suse-linux/4.7/include-fixed" />
            <Add directory="/usr/local/cuda/include" />
            <Add directory="/usr/local/include" />
            <Add directory="/usr/local/include/agile" />
         </Compiler>
         <MakeCommands>
            <Build command="/usr/bin/gmake -f &quot;/home/dieheart/workspace/AVIONIC/CUDA/buildqt/src/Makefile&quot;  VERBOSE=1 ICTGV/fast" />
            <CompileFile command="/usr/bin/gmake -f &quot;/home/dieheart/workspace/AVIONIC/CUDA/buildqt/src/Makefile&quot;  VERBOSE=1 &quot;$file&quot;" />
            <Clean command="/usr/bin/gmake -f &quot;/home/dieheart/workspace/AVIONIC/CUDA/buildqt/src/Makefile&quot;  VERBOSE=1 clean" />
            <DistClean command="/usr/bin/gmake -f &quot;/home/dieheart/workspace/AVIONIC/CUDA/buildqt/src/Makefile&quot;  VERBOSE=1 clean" />
         </MakeCommands>
      </Target>
      <Target title="avionic">
         <Option output="/home/dieheart/workspace/AVIONIC/CUDA/bin/avionic" prefix_auto="0" extension_auto="0" />
         <Option working_dir="/home/dieheart/workspace/AVIONIC/CUDA/buildqt/src" />
         <Option object_output="./" />
         <Option type="1" />
         <Option compiler="gcc" />
         <Compiler>
            <Add option="-DHAVE_CONFIG_H" />
            <Add directory="/home/dieheart/workspace/gpuNUFFT/CUDA/inc" />
            <Add directory="/usr/include" />
            <Add directory="/usr/include/c++/4.7" />
            <Add directory="/usr/include/c++/4.7/backward" />
            <Add directory="/usr/include/c++/4.7/x86_64-suse-linux" />
            <Add directory="/usr/lib64/gcc/x86_64-suse-linux/4.7/../../../../x86_64-suse-linux/include" />
            <Add directory="/usr/lib64/gcc/x86_64-suse-linux/4.7/include" />
            <Add directory="/usr/lib64/gcc/x86_64-suse-linux/4.7/include-fixed" />
            <Add directory="/usr/local/cuda/include" />
            <Add directory="/usr/local/include" />
            <Add directory="/usr/local/include/agile" />
         </Compiler>
         <MakeCommands>
            <Build command="/usr/bin/gmake -f &quot;/home/dieheart/workspace/AVIONIC/CUDA/buildqt/src/Makefile&quot;  VERBOSE=1 avionic" />
            <CompileFile command="/usr/bin/gmake -f &quot;/home/dieheart/workspace/AVIONIC/CUDA/buildqt/src/Makefile&quot;  VERBOSE=1 &quot;$file&quot;" />
            <Clean command="/usr/bin/gmake -f &quot;/home/dieheart/workspace/AVIONIC/CUDA/buildqt/src/Makefile&quot;  VERBOSE=1 clean" />
            <DistClean command="/usr/bin/gmake -f &quot;/home/dieheart/workspace/AVIONIC/CUDA/buildqt/src/Makefile&quot;  VERBOSE=1 clean" />
         </MakeCommands>
      </Target>
      <Target title="avionic/fast">
         <Option output="/home/dieheart/workspace/AVIONIC/CUDA/bin/avionic" prefix_auto="0" extension_auto="0" />
         <Option working_dir="/home/dieheart/workspace/AVIONIC/CUDA/buildqt/src" />
         <Option object_output="./" />
         <Option type="1" />
         <Option compiler="gcc" />
         <Compiler>
            <Add option="-DHAVE_CONFIG_H" />
            <Add directory="/home/dieheart/workspace/gpuNUFFT/CUDA/inc" />
            <Add directory="/usr/include" />
            <Add directory="/usr/include/c++/4.7" />
            <Add directory="/usr/include/c++/4.7/backward" />
            <Add directory="/usr/include/c++/4.7/x86_64-suse-linux" />
            <Add directory="/usr/lib64/gcc/x86_64-suse-linux/4.7/../../../../x86_64-suse-linux/include" />
            <Add directory="/usr/lib64/gcc/x86_64-suse-linux/4.7/include" />
            <Add directory="/usr/lib64/gcc/x86_64-suse-linux/4.7/include-fixed" />
            <Add directory="/usr/local/cuda/include" />
            <Add directory="/usr/local/include" />
            <Add directory="/usr/local/include/agile" />
         </Compiler>
         <MakeCommands>
            <Build command="/usr/bin/gmake -f &quot;/home/dieheart/workspace/AVIONIC/CUDA/buildqt/src/Makefile&quot;  VERBOSE=1 avionic/fast" />
            <CompileFile command="/usr/bin/gmake -f &quot;/home/dieheart/workspace/AVIONIC/CUDA/buildqt/src/Makefile&quot;  VERBOSE=1 &quot;$file&quot;" />
            <Clean command="/usr/bin/gmake -f &quot;/home/dieheart/workspace/AVIONIC/CUDA/buildqt/src/Makefile&quot;  VERBOSE=1 clean" />
            <DistClean command="/usr/bin/gmake -f &quot;/home/dieheart/workspace/AVIONIC/CUDA/buildqt/src/Makefile&quot;  VERBOSE=1 clean" />
         </MakeCommands>
      </Target>
      <Target title="doc">
         <Option working_dir="/home/dieheart/workspace/AVIONIC/CUDA/buildqt/doc" />
         <Option type="4" />
         <MakeCommands>
            <Build command="/usr/bin/gmake -f &quot;/home/dieheart/workspace/AVIONIC/CUDA/buildqt/doc/Makefile&quot;  VERBOSE=1 doc" />
            <CompileFile command="/usr/bin/gmake -f &quot;/home/dieheart/workspace/AVIONIC/CUDA/buildqt/doc/Makefile&quot;  VERBOSE=1 &quot;$file&quot;" />
            <Clean command="/usr/bin/gmake -f &quot;/home/dieheart/workspace/AVIONIC/CUDA/buildqt/doc/Makefile&quot;  VERBOSE=1 clean" />
            <DistClean command="/usr/bin/gmake -f &quot;/home/dieheart/workspace/AVIONIC/CUDA/buildqt/doc/Makefile&quot;  VERBOSE=1 clean" />
         </MakeCommands>
      </Target>
      </Build>
      <Unit filename="/home/dieheart/workspace/AVIONIC/CUDA/src/base_operator.cpp">
      </Unit>
      <Unit filename="/home/dieheart/workspace/AVIONIC/CUDA/src/cartesian_coil_construction.cpp">
      </Unit>
      <Unit filename="/home/dieheart/workspace/AVIONIC/CUDA/src/cartesian_operator.cpp">
      </Unit>
      <Unit filename="/home/dieheart/workspace/AVIONIC/CUDA/src/cartesian_operator3d.cpp">
      </Unit>
      <Unit filename="/home/dieheart/workspace/AVIONIC/CUDA/src/coil_construction.cpp">
      </Unit>
      <Unit filename="/home/dieheart/workspace/AVIONIC/CUDA/src/dicom_reader.cpp">
      </Unit>
      <Unit filename="/home/dieheart/workspace/AVIONIC/CUDA/src/ictgv2.cpp">
      </Unit>
      <Unit filename="/home/dieheart/workspace/AVIONIC/CUDA/src/ismrmrd_reader.cpp">
      </Unit>
      <Unit filename="/home/dieheart/workspace/AVIONIC/CUDA/src/main.cpp">
      </Unit>
      <Unit filename="/home/dieheart/workspace/AVIONIC/CUDA/src/noncartesian_coil_construction.cpp">
      </Unit>
      <Unit filename="/home/dieheart/workspace/AVIONIC/CUDA/src/noncartesian_operator.cpp">
      </Unit>
      <Unit filename="/home/dieheart/workspace/AVIONIC/CUDA/src/options_parser.cpp">
      </Unit>
      <Unit filename="/home/dieheart/workspace/AVIONIC/CUDA/src/pd_recon.cpp">
      </Unit>
      <Unit filename="/home/dieheart/workspace/AVIONIC/CUDA/src/raw_data_preparation.cpp">
      </Unit>
      <Unit filename="/home/dieheart/workspace/AVIONIC/CUDA/src/raw_data_reader.cpp">
      </Unit>
      <Unit filename="/home/dieheart/workspace/AVIONIC/CUDA/src/siemens_vd11_reader.cpp">
      </Unit>
      <Unit filename="/home/dieheart/workspace/AVIONIC/CUDA/src/tgv2.cpp">
      </Unit>
      <Unit filename="/home/dieheart/workspace/AVIONIC/CUDA/src/tgv2_3d.cpp">
      </Unit>
      <Unit filename="/home/dieheart/workspace/AVIONIC/CUDA/src/tv.cpp">
      </Unit>
      <Unit filename="/home/dieheart/workspace/AVIONIC/CUDA/src/utils.cpp">
      </Unit>
      <Unit filename="/home/dieheart/workspace/AVIONIC/CUDA/CMakeLists.txt">
          <Option virtualFolder="CMake Files\" />
      </Unit>
      <Unit filename="/home/dieheart/workspace/AVIONIC/CUDA/cmake_modules/FindAGILE.cmake">
          <Option virtualFolder="CMake Files\cmake_modules\" />
      </Unit>
      <Unit filename="/home/dieheart/workspace/AVIONIC/CUDA/cmake_modules/FindGPUNUFFT.cmake">
          <Option virtualFolder="CMake Files\cmake_modules\" />
      </Unit>
      <Unit filename="/home/dieheart/workspace/AVIONIC/CUDA/../../../../../usr/local/share/ismrmrd/cmake/FindIsmrmrd.cmake">
          <Option virtualFolder="CMake Files\..\..\..\..\..\usr\local\share\ismrmrd\cmake\" />
      </Unit>
      <Unit filename="/home/dieheart/workspace/AVIONIC/CUDA/include/CMakeLists.txt">
          <Option virtualFolder="CMake Files\include\" />
      </Unit>
      <Unit filename="/home/dieheart/workspace/AVIONIC/CUDA/include/config_dir.h.cmake">
          <Option virtualFolder="CMake Files\include\" />
      </Unit>
      <Unit filename="/home/dieheart/workspace/AVIONIC/CUDA/src/CMakeLists.txt">
          <Option virtualFolder="CMake Files\src\" />
      </Unit>
      <Unit filename="/home/dieheart/workspace/AVIONIC/CUDA/doc/CMakeLists.txt">
          <Option virtualFolder="CMake Files\doc\" />
      </Unit>
   </Project>
</CodeBlocks_project_file>
